{
    "_readme": [
        "This file locks the dependencies of your project to a known state",
        "Read more about it at https://getcomposer.org/doc/01-basic-usage.md#composer-lock-the-lock-file",
        "This file is @generated automatically"
    ],
    "hash": "ace9a292243b9048ddfc29a6a9026c32",
    "content-hash": "9a46948ebf779e4a02f6ae15dc5e47f5",
    "packages": [
        {
            "name": "ammarfaizi2/php-curl",
            "version": "0.0.1",
            "source": {
                "type": "git",
                "url": "https://github.com/ammarfaizi2/php-curl.git",
                "reference": "c1b4aec97266d44f15d32762cb5a60bbe561e374"
            },
            "dist": {
                "type": "zip",
                "url": "https://api.github.com/repos/ammarfaizi2/php-curl/zipball/c1b4aec97266d44f15d32762cb5a60bbe561e374",
                "reference": "c1b4aec97266d44f15d32762cb5a60bbe561e374",
                "shasum": ""
            },
            "require": {
                "ext-curl": "*",
                "php": ">=5.6"
            },
            "type": "library",
            "autoload": {
                "psr-4": {
                    "Curl\\": "src/Curl/"
                }
            },
            "notification-url": "https://packagist.org/downloads/",
            "license": [
                "MIT"
            ],
            "authors": [
                {
                    "name": "Ammar Faizi",
                    "email": "ammarfaizi2@gmail.com"
                }
            ],
            "description": "PHP Curl Class makes it easy to send HTTP requests.",
            "homepage": "https://github.com/ammarfaizi2/php-curl",
            "keywords": [
                "class",
                "client",
                "curl",
                "http",
                "php"
            ],
            "time": "2017-12-08 04:34:10"
        }
    ],
    "packages-dev": [],
    "aliases": [],
    "minimum-stability": "dev",
    "stability-flags": [],
    "prefer-stable": false,
    "prefer-lowest": false,
    "platform": [],
    "platform-dev": []
}
